
Microsoft Visual Studio Solution File, Format Version 12.00
# Visual Studio 15
VisualStudioVersion = 15.0.28307.438
MinimumVisualStudioVersion = 10.0.40219.1
Project("{8BC9CEB8-8B4A-11D0-8D11-00A0C91BC942}") = "Project1", "Project1.vcxproj", "{16ADF793-0995-40D8-B035-2E45E6973776}"
EndProject
Global
	GlobalSection(SolutionConfigurationPlatforms) = preSolution
		Debug|x64 = Debug|x64
		Debug|x86 = Debug|x86
		Release|x64 = Release|x64
		Release|x86 = Release|x86
	EndGlobalSection
	GlobalSection(ProjectConfigurationPlatforms) = postSolution
		{16ADF793-0995-40D8-B035-2E45E6973776}.Debug|x64.ActiveCfg = Debug|x64
		{16ADF793-0995-40D8-B035-2E45E6973776}.Debug|x64.Build.0 = Debug|x64
		{16ADF793-0995-40D8-B035-2E45E6973776}.Debug|x86.ActiveCfg = Debug|Win32
		{16ADF793-0995-40D8-B035-2E45E6973776}.Debug|x86.Build.0 = Debug|Win32
		{16ADF793-0995-40D8-B035-2E45E6973776}.Release|x64.ActiveCfg = Release|x64
		{16ADF793-0995-40D8-B035-2E45E6973776}.Release|x64.Build.0 = Release|x64
		{16ADF793-0995-40D8-B035-2E45E6973776}.Release|x86.ActiveCfg = Release|Win32
		{16ADF793-0995-40D8-B035-2E45E6973776}.Release|x86.Build.0 = Release|Win32
	EndGlobalSection
	GlobalSection(SolutionProperties) = preSolution
		HideSolutionNode = FALSE
	EndGlobalSection
	GlobalSection(ExtensibilityGlobals) = postSolution
		SolutionGuid = {3AFDB531-1936-490E-AAC0-C161D6F5F34E}
	EndGlobalSection
EndGlobal
